
Microsoft Visual Studio Solution File, Format Version 12.00
# Visual Studio 2015
Project("{FAE04EC0-301F-11D3-BF4B-00C04F79EFBC}") = "Pathfind.CSharp", "Pathfind.CSharp.csproj", "{8018AC42-C2F5-3B4B-44E0-4D7270C17747}"
EndProject
Global
	GlobalSection(SolutionConfigurationPlatforms) = preSolution
		Debug|Any CPU = Debug|Any CPU
		Release|Any CPU = Release|Any CPU
	EndGlobalSection
	GlobalSection(ProjectConfigurationPlatforms) = postSolution
		{8018AC42-C2F5-3B4B-44E0-4D7270C17747}.Debug|Any CPU.ActiveCfg = Debug|Any CPU
		{8018AC42-C2F5-3B4B-44E0-4D7270C17747}.Debug|Any CPU.Build.0 = Debug|Any CPU
		{8018AC42-C2F5-3B4B-44E0-4D7270C17747}.Release|Any CPU.ActiveCfg = Release|Any CPU
		{8018AC42-C2F5-3B4B-44E0-4D7270C17747}.Release|Any CPU.Build.0 = Release|Any CPU
	EndGlobalSection
	GlobalSection(SolutionProperties) = preSolution
		HideSolutionNode = FALSE
	EndGlobalSection
EndGlobal
